
Microsoft Visual Studio Solution File, Format Version 12.00
# Visual Studio Version 16
VisualStudioVersion = 16.0.810.6
MinimumVisualStudioVersion = 10.0.40219.1
Project("{9A19103F-16F7-4668-BE54-9A1E7A4F7556}") = "MpCrawler", "MPCrawler\MpCrawler.csproj", "{D8B7FDCE-CF31-48C7-A990-3BF5FF94475C}"
EndProject
Project("{9A19103F-16F7-4668-BE54-9A1E7A4F7556}") = "WebAppDataLib", "WebAppDataLib\WebAppDataLib.csproj", "{2140A810-1B56-478C-A828-ECF0E906B831}"
EndProject
Project("{2150E333-8FDC-42A3-9474-1A3956D46DE8}") = "Solution Items", "Solution Items", "{D71CA290-2F06-4666-B23B-8EAB31C0F589}"
	ProjectSection(SolutionItems) = preProject
		.filenesting.json = .filenesting.json
		Readme.txt = Readme.txt
	EndProjectSection
EndProject
Project("{9A19103F-16F7-4668-BE54-9A1E7A4F7556}") = "MpCrawler.UnitTests", "MpCrawler.UnitTests\MpCrawler.UnitTests.csproj", "{597E44C3-4D49-4822-88FA-C721886CE482}"
EndProject
Project("{9A19103F-16F7-4668-BE54-9A1E7A4F7556}") = "RouteFinderWeb.UnitTests", "RouteFinderWeb.UnitTests\RouteFinderWeb.UnitTests.csproj", "{F5E7FE5B-DAB1-436D-9618-335D2351112B}"
EndProject
Project("{9A19103F-16F7-4668-BE54-9A1E7A4F7556}") = "WebAppDataLib.UnitTests", "WebAppDataLib.UnitTests\WebAppDataLib.UnitTests.csproj", "{F24135B9-B4C1-48B3-82D3-3EA45A63A92F}"
EndProject
Project("{9A19103F-16F7-4668-BE54-9A1E7A4F7556}") = "RouteFinderWeb", "RouteFinderWeb\RouteFinderWeb.csproj", "{5D8909F1-CA23-4A48-82D6-4D7894230C79}"
EndProject
Global
	GlobalSection(SolutionConfigurationPlatforms) = preSolution
		Debug|Any CPU = Debug|Any CPU
		Release|Any CPU = Release|Any CPU
	EndGlobalSection
	GlobalSection(ProjectConfigurationPlatforms) = postSolution
		{D8B7FDCE-CF31-48C7-A990-3BF5FF94475C}.Debug|Any CPU.ActiveCfg = Debug|Any CPU
		{D8B7FDCE-CF31-48C7-A990-3BF5FF94475C}.Debug|Any CPU.Build.0 = Debug|Any CPU
		{D8B7FDCE-CF31-48C7-A990-3BF5FF94475C}.Release|Any CPU.ActiveCfg = Release|Any CPU
		{D8B7FDCE-CF31-48C7-A990-3BF5FF94475C}.Release|Any CPU.Build.0 = Release|Any CPU
		{2140A810-1B56-478C-A828-ECF0E906B831}.Debug|Any CPU.ActiveCfg = Debug|Any CPU
		{2140A810-1B56-478C-A828-ECF0E906B831}.Debug|Any CPU.Build.0 = Debug|Any CPU
		{2140A810-1B56-478C-A828-ECF0E906B831}.Release|Any CPU.ActiveCfg = Release|Any CPU
		{2140A810-1B56-478C-A828-ECF0E906B831}.Release|Any CPU.Build.0 = Release|Any CPU
		{597E44C3-4D49-4822-88FA-C721886CE482}.Debug|Any CPU.ActiveCfg = Debug|Any CPU
		{597E44C3-4D49-4822-88FA-C721886CE482}.Debug|Any CPU.Build.0 = Debug|Any CPU
		{597E44C3-4D49-4822-88FA-C721886CE482}.Release|Any CPU.ActiveCfg = Release|Any CPU
		{597E44C3-4D49-4822-88FA-C721886CE482}.Release|Any CPU.Build.0 = Release|Any CPU
		{F5E7FE5B-DAB1-436D-9618-335D2351112B}.Debug|Any CPU.ActiveCfg = Debug|Any CPU
		{F5E7FE5B-DAB1-436D-9618-335D2351112B}.Debug|Any CPU.Build.0 = Debug|Any CPU
		{F5E7FE5B-DAB1-436D-9618-335D2351112B}.Release|Any CPU.ActiveCfg = Release|Any CPU
		{F5E7FE5B-DAB1-436D-9618-335D2351112B}.Release|Any CPU.Build.0 = Release|Any CPU
		{F24135B9-B4C1-48B3-82D3-3EA45A63A92F}.Debug|Any CPU.ActiveCfg = Debug|Any CPU
		{F24135B9-B4C1-48B3-82D3-3EA45A63A92F}.Debug|Any CPU.Build.0 = Debug|Any CPU
		{F24135B9-B4C1-48B3-82D3-3EA45A63A92F}.Release|Any CPU.ActiveCfg = Release|Any CPU
		{F24135B9-B4C1-48B3-82D3-3EA45A63A92F}.Release|Any CPU.Build.0 = Release|Any CPU
		{5D8909F1-CA23-4A48-82D6-4D7894230C79}.Debug|Any CPU.ActiveCfg = Debug|Any CPU
		{5D8909F1-CA23-4A48-82D6-4D7894230C79}.Debug|Any CPU.Build.0 = Debug|Any CPU
		{5D8909F1-CA23-4A48-82D6-4D7894230C79}.Release|Any CPU.ActiveCfg = Release|Any CPU
		{5D8909F1-CA23-4A48-82D6-4D7894230C79}.Release|Any CPU.Build.0 = Release|Any CPU
	EndGlobalSection
	GlobalSection(SolutionProperties) = preSolution
		HideSolutionNode = FALSE
	EndGlobalSection
	GlobalSection(ExtensibilityGlobals) = postSolution
		SolutionGuid = {BB982113-C30A-4C22-B38B-F692D961305C}
	EndGlobalSection
EndGlobal
