
Microsoft Visual Studio Solution File, Format Version 12.00
# Visual Studio Version 16
VisualStudioVersion = 16.0.810.6
MinimumVisualStudioVersion = 10.0.40219.1
Project("{FAE04EC0-301F-11D3-BF4B-00C04F79EFBC}") = "GlobalLib", "GlobalLib\GlobalLib.csproj", "{6599474D-6E28-4429-AC7D-E28677323972}"
EndProject
Project("{FAE04EC0-301F-11D3-BF4B-00C04F79EFBC}") = "AzureSql", "AzureSql\AzureSql.csproj", "{C8C38642-48C9-4DC8-A74D-EAAB597CE829}"
EndProject
Project("{FAE04EC0-301F-11D3-BF4B-00C04F79EFBC}") = "MpCrawler", "MPCrawler\MpCrawler.csproj", "{D8B7FDCE-CF31-48C7-A990-3BF5FF94475C}"
EndProject
Global
	GlobalSection(SolutionConfigurationPlatforms) = preSolution
		Debug|Any CPU = Debug|Any CPU
		Release|Any CPU = Release|Any CPU
	EndGlobalSection
	GlobalSection(ProjectConfigurationPlatforms) = postSolution
		{6599474D-6E28-4429-AC7D-E28677323972}.Debug|Any CPU.ActiveCfg = Debug|Any CPU
		{6599474D-6E28-4429-AC7D-E28677323972}.Debug|Any CPU.Build.0 = Debug|Any CPU
		{6599474D-6E28-4429-AC7D-E28677323972}.Release|Any CPU.ActiveCfg = Release|Any CPU
		{6599474D-6E28-4429-AC7D-E28677323972}.Release|Any CPU.Build.0 = Release|Any CPU
		{C8C38642-48C9-4DC8-A74D-EAAB597CE829}.Debug|Any CPU.ActiveCfg = Debug|Any CPU
		{C8C38642-48C9-4DC8-A74D-EAAB597CE829}.Debug|Any CPU.Build.0 = Debug|Any CPU
		{C8C38642-48C9-4DC8-A74D-EAAB597CE829}.Release|Any CPU.ActiveCfg = Release|Any CPU
		{C8C38642-48C9-4DC8-A74D-EAAB597CE829}.Release|Any CPU.Build.0 = Release|Any CPU
		{D8B7FDCE-CF31-48C7-A990-3BF5FF94475C}.Debug|Any CPU.ActiveCfg = Debug|Any CPU
		{D8B7FDCE-CF31-48C7-A990-3BF5FF94475C}.Debug|Any CPU.Build.0 = Debug|Any CPU
		{D8B7FDCE-CF31-48C7-A990-3BF5FF94475C}.Release|Any CPU.ActiveCfg = Release|Any CPU
		{D8B7FDCE-CF31-48C7-A990-3BF5FF94475C}.Release|Any CPU.Build.0 = Release|Any CPU
	EndGlobalSection
	GlobalSection(SolutionProperties) = preSolution
		HideSolutionNode = FALSE
	EndGlobalSection
	GlobalSection(ExtensibilityGlobals) = postSolution
		SolutionGuid = {BB982113-C30A-4C22-B38B-F692D961305C}
	EndGlobalSection
EndGlobal
